
Microsoft Visual Studio Solution File, Format Version 12.00
# Visual Studio 15
VisualStudioVersion = 15.0.27004.2005
MinimumVisualStudioVersion = 10.0.40219.1
Project("{FAE04EC0-301F-11D3-BF4B-00C04F79EFBC}") = "RazorOutputFormatterExample", "RazorOutputFormatterExample\RazorOutputFormatterExample.csproj", "{70041E2B-4978-4CF6-A2C1-A85EABED2E38}"
EndProject
Global
	GlobalSection(SolutionConfigurationPlatforms) = preSolution
		Debug|Any CPU = Debug|Any CPU
		Release|Any CPU = Release|Any CPU
	EndGlobalSection
	GlobalSection(ProjectConfigurationPlatforms) = postSolution
		{70041E2B-4978-4CF6-A2C1-A85EABED2E38}.Debug|Any CPU.ActiveCfg = Debug|Any CPU
		{70041E2B-4978-4CF6-A2C1-A85EABED2E38}.Debug|Any CPU.Build.0 = Debug|Any CPU
		{70041E2B-4978-4CF6-A2C1-A85EABED2E38}.Release|Any CPU.ActiveCfg = Release|Any CPU
		{70041E2B-4978-4CF6-A2C1-A85EABED2E38}.Release|Any CPU.Build.0 = Release|Any CPU
	EndGlobalSection
	GlobalSection(SolutionProperties) = preSolution
		HideSolutionNode = FALSE
	EndGlobalSection
	GlobalSection(ExtensibilityGlobals) = postSolution
		SolutionGuid = {5FBC7865-ED9B-4197-8401-23CB1D5911DE}
	EndGlobalSection
EndGlobal
